Microsoft Visual Studio Solution File, Format Version 12.00
# Visual Studio Version 17
VisualStudioVersion = 17.5.2.0
MinimumVisualStudioVersion = 10.0.40219.1
Project("{FAE04EC0-301F-11D3-BF4B-00C04F79EFBC}") = "SBMS.Parties", "SBMS.Parties.csproj", "{D341C092-5D09-45FC-70A1-489D5DE06942}"
EndProject
Global
	GlobalSection(SolutionConfigurationPlatforms) = preSolution
		Debug|Any CPU = Debug|Any CPU
		Release|Any CPU = Release|Any CPU
	EndGlobalSection
	GlobalSection(ProjectConfigurationPlatforms) = postSolution
		{D341C092-5D09-45FC-70A1-489D5DE06942}.Debug|Any CPU.ActiveCfg = Debug|Any CPU
		{D341C092-5D09-45FC-70A1-489D5DE06942}.Debug|Any CPU.Build.0 = Debug|Any CPU
		{D341C092-5D09-45FC-70A1-489D5DE06942}.Release|Any CPU.ActiveCfg = Release|Any CPU
		{D341C092-5D09-45FC-70A1-489D5DE06942}.Release|Any CPU.Build.0 = Release|Any CPU
	EndGlobalSection
	GlobalSection(SolutionProperties) = preSolution
		HideSolutionNode = FALSE
	EndGlobalSection
	GlobalSection(ExtensibilityGlobals) = postSolution
		SolutionGuid = {42A65B91-7A76-4B2E-A8A2-8F574D406FC3}
	EndGlobalSection
EndGlobal
